
Microsoft Visual Studio Solution File, Format Version 12.00
# Visual Studio Version 17
VisualStudioVersion = 17.4.33213.308
MinimumVisualStudioVersion = 10.0.40219.1
Project("{FAE04EC0-301F-11D3-BF4B-00C04F79EFBC}") = "RazorPagesWebsite", "RazorPagesWebsite.csproj", "{9C5532F2-03B9-4BDE-9EEB-7C4624D72A02}"
EndProject
Global
	GlobalSection(SolutionConfigurationPlatforms) = preSolution
		Debug|Any CPU = Debug|Any CPU
		Release|Any CPU = Release|Any CPU
	EndGlobalSection
	GlobalSection(ProjectConfigurationPlatforms) = postSolution
		{9C5532F2-03B9-4BDE-9EEB-7C4624D72A02}.Debug|Any CPU.ActiveCfg = Debug|Any CPU
		{9C5532F2-03B9-4BDE-9EEB-7C4624D72A02}.Debug|Any CPU.Build.0 = Debug|Any CPU
		{9C5532F2-03B9-4BDE-9EEB-7C4624D72A02}.Release|Any CPU.ActiveCfg = Release|Any CPU
		{9C5532F2-03B9-4BDE-9EEB-7C4624D72A02}.Release|Any CPU.Build.0 = Release|Any CPU
	EndGlobalSection
	GlobalSection(SolutionProperties) = preSolution
		HideSolutionNode = FALSE
	EndGlobalSection
	GlobalSection(ExtensibilityGlobals) = postSolution
		SolutionGuid = {11C75C88-CDCD-4B4E-8E73-054486867670}
	EndGlobalSection
EndGlobal
